
Microsoft Visual Studio Solution File, Format Version 12.00
# Visual Studio 15
VisualStudioVersion = 15.0.27130.2026
MinimumVisualStudioVersion = 10.0.40219.1
Project("{9A19103F-16F7-4668-BE54-9A1E7A4F7556}") = "DatingApp.API", "DatingApp.API.csproj", "{EAC62507-B6DE-422D-A16F-A98165647E55}"
EndProject
Global
	GlobalSection(SolutionConfigurationPlatforms) = preSolution
		Debug|Any CPU = Debug|Any CPU
		Release|Any CPU = Release|Any CPU
	EndGlobalSection
	GlobalSection(ProjectConfigurationPlatforms) = postSolution
		{EAC62507-B6DE-422D-A16F-A98165647E55}.Debug|Any CPU.ActiveCfg = Debug|Any CPU
		{EAC62507-B6DE-422D-A16F-A98165647E55}.Debug|Any CPU.Build.0 = Debug|Any CPU
		{EAC62507-B6DE-422D-A16F-A98165647E55}.Release|Any CPU.ActiveCfg = Release|Any CPU
		{EAC62507-B6DE-422D-A16F-A98165647E55}.Release|Any CPU.Build.0 = Release|Any CPU
	EndGlobalSection
	GlobalSection(SolutionProperties) = preSolution
		HideSolutionNode = FALSE
	EndGlobalSection
	GlobalSection(ExtensibilityGlobals) = postSolution
		SolutionGuid = {331A350D-25F1-4C78-BC42-C5DEB599616F}
	EndGlobalSection
EndGlobal
